
Microsoft Visual Studio Solution File, Format Version 12.00
# Visual Studio Version 16
VisualStudioVersion = 16.0.29411.108
MinimumVisualStudioVersion = 10.0.40219.1
Project("{9A19103F-16F7-4668-BE54-9A1E7A4F7556}") = "MyVet.Common", "MyVet.Common\MyVet.Common.csproj", "{DA658F9F-E39A-41F2-88BC-C35257A2351B}"
EndProject
Project("{9A19103F-16F7-4668-BE54-9A1E7A4F7556}") = "MyVet.Web", "MyVet.Web\MyVet.Web.csproj", "{3492E98C-2A08-46B6-8481-6D452EAD484A}"
EndProject
Project("{FAE04EC0-301F-11D3-BF4B-00C04F79EFBC}") = "MyVet.Prism", "MyVet.Prism\MyVet.Prism\MyVet.Prism.csproj", "{1963DC9A-553A-4A7A-ADDD-B2F9F0498234}"
EndProject
Project("{FAE04EC0-301F-11D3-BF4B-00C04F79EFBC}") = "MyVet.Prism.Android", "MyVet.Prism\MyVet.Prism.Android\MyVet.Prism.Android.csproj", "{BB5B3791-DDC0-4A9F-9A66-6F0F3B02AADD}"
EndProject
Project("{FAE04EC0-301F-11D3-BF4B-00C04F79EFBC}") = "MyVet.Prism.iOS", "MyVet.Prism\MyVet.Prism.iOS\MyVet.Prism.iOS.csproj", "{73525553-BFB3-47D2-B2D3-7E590393ECE2}"
EndProject
Project("{FAE04EC0-301F-11D3-BF4B-00C04F79EFBC}") = "MyVet.Prism.UWP", "MyVet.Prism\MyVet.Prism.UWP\MyVet.Prism.UWP.csproj", "{F8FBDD57-272B-45C6-A500-782721B7135E}"
EndProject
Global
	GlobalSection(SolutionConfigurationPlatforms) = preSolution
		Ad-Hoc|Any CPU = Ad-Hoc|Any CPU
		Ad-Hoc|ARM = Ad-Hoc|ARM
		Ad-Hoc|iPhone = Ad-Hoc|iPhone
		Ad-Hoc|iPhoneSimulator = Ad-Hoc|iPhoneSimulator
		Ad-Hoc|x64 = Ad-Hoc|x64
		Ad-Hoc|x86 = Ad-Hoc|x86
		AppStore|Any CPU = AppStore|Any CPU
		AppStore|ARM = AppStore|ARM
		AppStore|iPhone = AppStore|iPhone
		AppStore|iPhoneSimulator = AppStore|iPhoneSimulator
		AppStore|x64 = AppStore|x64
		AppStore|x86 = AppStore|x86
		Debug|Any CPU = Debug|Any CPU
		Debug|ARM = Debug|ARM
		Debug|iPhone = Debug|iPhone
		Debug|iPhoneSimulator = Debug|iPhoneSimulator
		Debug|x64 = Debug|x64
		Debug|x86 = Debug|x86
		Release|Any CPU = Release|Any CPU
		Release|ARM = Release|ARM
		Release|iPhone = Release|iPhone
		Release|iPhoneSimulator = Release|iPhoneSimulator
		Release|x64 = Release|x64
		Release|x86 = Release|x86
	EndGlobalSection
	GlobalSection(ProjectConfigurationPlatforms) = postSolution
		{DA658F9F-E39A-41F2-88BC-C35257A2351B}.Ad-Hoc|Any CPU.ActiveCfg = Release|Any CPU
		{DA658F9F-E39A-41F2-88BC-C35257A2351B}.Ad-Hoc|Any CPU.Build.0 = Release|Any CPU
		{DA658F9F-E39A-41F2-88BC-C35257A2351B}.Ad-Hoc|ARM.ActiveCfg = Release|Any CPU
		{DA658F9F-E39A-41F2-88BC-C35257A2351B}.Ad-Hoc|ARM.Build.0 = Release|Any CPU
		{DA658F9F-E39A-41F2-88BC-C35257A2351B}.Ad-Hoc|iPhone.ActiveCfg = Release|Any CPU
		{DA658F9F-E39A-41F2-88BC-C35257A2351B}.Ad-Hoc|iPhone.Build.0 = Release|Any CPU
		{DA658F9F-E39A-41F2-88BC-C35257A2351B}.Ad-Hoc|iPhoneSimulator.ActiveCfg = Release|Any CPU
		{DA658F9F-E39A-41F2-88BC-C35257A2351B}.Ad-Hoc|iPhoneSimulator.Build.0 = Release|Any CPU
		{DA658F9F-E39A-41F2-88BC-C35257A2351B}.Ad-Hoc|x64.ActiveCfg = Release|Any CPU
		{DA658F9F-E39A-41F2-88BC-C35257A2351B}.Ad-Hoc|x64.Build.0 = Release|Any CPU
		{DA658F9F-E39A-41F2-88BC-C35257A2351B}.Ad-Hoc|x86.ActiveCfg = Release|Any CPU
		{DA658F9F-E39A-41F2-88BC-C35257A2351B}.Ad-Hoc|x86.Build.0 = Release|Any CPU
		{DA658F9F-E39A-41F2-88BC-C35257A2351B}.AppStore|Any CPU.ActiveCfg = Release|Any CPU
		{DA658F9F-E39A-41F2-88BC-C35257A2351B}.AppStore|Any CPU.Build.0 = Release|Any CPU
		{DA658F9F-E39A-41F2-88BC-C35257A2351B}.AppStore|ARM.ActiveCfg = Release|Any CPU
		{DA658F9F-E39A-41F2-88BC-C35257A2351B}.AppStore|ARM.Build.0 = Release|Any CPU
		{DA658F9F-E39A-41F2-88BC-C35257A2351B}.AppStore|iPhone.ActiveCfg = Release|Any CPU
		{DA658F9F-E39A-41F2-88BC-C35257A2351B}.AppStore|iPhone.Build.0 = Release|Any CPU
		{DA658F9F-E39A-41F2-88BC-C35257A2351B}.AppStore|iPhoneSimulator.ActiveCfg = Release|Any CPU
		{DA658F9F-E39A-41F2-88BC-C35257A2351B}.AppStore|iPhoneSimulator.Build.0 = Release|Any CPU
		{DA658F9F-E39A-41F2-88BC-C35257A2351B}.AppStore|x64.ActiveCfg = Release|Any CPU
		{DA658F9F-E39A-41F2-88BC-C35257A2351B}.AppStore|x64.Build.0 = Release|Any CPU
		{DA658F9F-E39A-41F2-88BC-C35257A2351B}.AppStore|x86.ActiveCfg = Release|Any CPU
		{DA658F9F-E39A-41F2-88BC-C35257A2351B}.AppStore|x86.Build.0 = Release|Any CPU
		{DA658F9F-E39A-41F2-88BC-C35257A2351B}.Debug|Any CPU.ActiveCfg = Debug|Any CPU
		{DA658F9F-E39A-41F2-88BC-C35257A2351B}.Debug|Any CPU.Build.0 = Debug|Any CPU
		{DA658F9F-E39A-41F2-88BC-C35257A2351B}.Debug|ARM.ActiveCfg = Debug|Any CPU
		{DA658F9F-E39A-41F2-88BC-C35257A2351B}.Debug|ARM.Build.0 = Debug|Any CPU
		{DA658F9F-E39A-41F2-88BC-C35257A2351B}.Debug|iPhone.ActiveCfg = Debug|Any CPU
		{DA658F9F-E39A-41F2-88BC-C35257A2351B}.Debug|iPhone.Build.0 = Debug|Any CPU
		{DA658F9F-E39A-41F2-88BC-C35257A2351B}.Debug|iPhoneSimulator.ActiveCfg = Debug|Any CPU
		{DA658F9F-E39A-41F2-88BC-C35257A2351B}.Debug|iPhoneSimulator.Build.0 = Debug|Any CPU
		{DA658F9F-E39A-41F2-88BC-C35257A2351B}.Debug|x64.ActiveCfg = Debug|Any CPU
		{DA658F9F-E39A-41F2-88BC-C35257A2351B}.Debug|x64.Build.0 = Debug|Any CPU
		{DA658F9F-E39A-41F2-88BC-C35257A2351B}.Debug|x86.ActiveCfg = Debug|Any CPU
		{DA658F9F-E39A-41F2-88BC-C35257A2351B}.Debug|x86.Build.0 = Debug|Any CPU
		{DA658F9F-E39A-41F2-88BC-C35257A2351B}.Release|Any CPU.ActiveCfg = Release|Any CPU
		{DA658F9F-E39A-41F2-88BC-C35257A2351B}.Release|Any CPU.Build.0 = Release|Any CPU
		{DA658F9F-E39A-41F2-88BC-C35257A2351B}.Release|ARM.ActiveCfg = Release|Any CPU
		{DA658F9F-E39A-41F2-88BC-C35257A2351B}.Release|ARM.Build.0 = Release|Any CPU
		{DA658F9F-E39A-41F2-88BC-C35257A2351B}.Release|iPhone.ActiveCfg = Release|Any CPU
		{DA658F9F-E39A-41F2-88BC-C35257A2351B}.Release|iPhone.Build.0 = Release|Any CPU
		{DA658F9F-E39A-41F2-88BC-C35257A2351B}.Release|iPhoneSimulator.ActiveCfg = Release|Any CPU
		{DA658F9F-E39A-41F2-88BC-C35257A2351B}.Release|iPhoneSimulator.Build.0 = Release|Any CPU
		{DA658F9F-E39A-41F2-88BC-C35257A2351B}.Release|x64.ActiveCfg = Release|Any CPU
		{DA658F9F-E39A-41F2-88BC-C35257A2351B}.Release|x64.Build.0 = Release|Any CPU
		{DA658F9F-E39A-41F2-88BC-C35257A2351B}.Release|x86.ActiveCfg = Release|Any CPU
		{DA658F9F-E39A-41F2-88BC-C35257A2351B}.Release|x86.Build.0 = Release|Any CPU
		{3492E98C-2A08-46B6-8481-6D452EAD484A}.Ad-Hoc|Any CPU.ActiveCfg = Release|Any CPU
		{3492E98C-2A08-46B6-8481-6D452EAD484A}.Ad-Hoc|Any CPU.Build.0 = Release|Any CPU
		{3492E98C-2A08-46B6-8481-6D452EAD484A}.Ad-Hoc|ARM.ActiveCfg = Release|Any CPU
		{3492E98C-2A08-46B6-8481-6D452EAD484A}.Ad-Hoc|ARM.Build.0 = Release|Any CPU
		{3492E98C-2A08-46B6-8481-6D452EAD484A}.Ad-Hoc|iPhone.ActiveCfg = Release|Any CPU
		{3492E98C-2A08-46B6-8481-6D452EAD484A}.Ad-Hoc|iPhone.Build.0 = Release|Any CPU
		{3492E98C-2A08-46B6-8481-6D452EAD484A}.Ad-Hoc|iPhoneSimulator.ActiveCfg = Release|Any CPU
		{3492E98C-2A08-46B6-8481-6D452EAD484A}.Ad-Hoc|iPhoneSimulator.Build.0 = Release|Any CPU
		{3492E98C-2A08-46B6-8481-6D452EAD484A}.Ad-Hoc|x64.ActiveCfg = Release|Any CPU
		{3492E98C-2A08-46B6-8481-6D452EAD484A}.Ad-Hoc|x64.Build.0 = Release|Any CPU
		{3492E98C-2A08-46B6-8481-6D452EAD484A}.Ad-Hoc|x86.ActiveCfg = Release|Any CPU
		{3492E98C-2A08-46B6-8481-6D452EAD484A}.Ad-Hoc|x86.Build.0 = Release|Any CPU
		{3492E98C-2A08-46B6-8481-6D452EAD484A}.AppStore|Any CPU.ActiveCfg = Release|Any CPU
		{3492E98C-2A08-46B6-8481-6D452EAD484A}.AppStore|Any CPU.Build.0 = Release|Any CPU
		{3492E98C-2A08-46B6-8481-6D452EAD484A}.AppStore|ARM.ActiveCfg = Release|Any CPU
		{3492E98C-2A08-46B6-8481-6D452EAD484A}.AppStore|ARM.Build.0 = Release|Any CPU
		{3492E98C-2A08-46B6-8481-6D452EAD484A}.AppStore|iPhone.ActiveCfg = Release|Any CPU
		{3492E98C-2A08-46B6-8481-6D452EAD484A}.AppStore|iPhone.Build.0 = Release|Any CPU
		{3492E98C-2A08-46B6-8481-6D452EAD484A}.AppStore|iPhoneSimulator.ActiveCfg = Release|Any CPU
		{3492E98C-2A08-46B6-8481-6D452EAD484A}.AppStore|iPhoneSimulator.Build.0 = Release|Any CPU
		{3492E98C-2A08-46B6-8481-6D452EAD484A}.AppStore|x64.ActiveCfg = Release|Any CPU
		{3492E98C-2A08-46B6-8481-6D452EAD484A}.AppStore|x64.Build.0 = Release|Any CPU
		{3492E98C-2A08-46B6-8481-6D452EAD484A}.AppStore|x86.ActiveCfg = Release|Any CPU
		{3492E98C-2A08-46B6-8481-6D452EAD484A}.AppStore|x86.Build.0 = Release|Any CPU
		{3492E98C-2A08-46B6-8481-6D452EAD484A}.Debug|Any CPU.ActiveCfg = Debug|Any CPU
		{3492E98C-2A08-46B6-8481-6D452EAD484A}.Debug|Any CPU.Build.0 = Debug|Any CPU
		{3492E98C-2A08-46B6-8481-6D452EAD484A}.Debug|ARM.ActiveCfg = Debug|Any CPU
		{3492E98C-2A08-46B6-8481-6D452EAD484A}.Debug|ARM.Build.0 = Debug|Any CPU
		{3492E98C-2A08-46B6-8481-6D452EAD484A}.Debug|iPhone.ActiveCfg = Debug|Any CPU
		{3492E98C-2A08-46B6-8481-6D452EAD484A}.Debug|iPhone.Build.0 = Debug|Any CPU
		{3492E98C-2A08-46B6-8481-6D452EAD484A}.Debug|iPhoneSimulator.ActiveCfg = Debug|Any CPU
		{3492E98C-2A08-46B6-8481-6D452EAD484A}.Debug|iPhoneSimulator.Build.0 = Debug|Any CPU
		{3492E98C-2A08-46B6-8481-6D452EAD484A}.Debug|x64.ActiveCfg = Debug|Any CPU
		{3492E98C-2A08-46B6-8481-6D452EAD484A}.Debug|x64.Build.0 = Debug|Any CPU
		{3492E98C-2A08-46B6-8481-6D452EAD484A}.Debug|x86.ActiveCfg = Debug|Any CPU
		{3492E98C-2A08-46B6-8481-6D452EAD484A}.Debug|x86.Build.0 = Debug|Any CPU
		{3492E98C-2A08-46B6-8481-6D452EAD484A}.Release|Any CPU.ActiveCfg = Release|Any CPU
		{3492E98C-2A08-46B6-8481-6D452EAD484A}.Release|Any CPU.Build.0 = Release|Any CPU
		{3492E98C-2A08-46B6-8481-6D452EAD484A}.Release|ARM.ActiveCfg = Release|Any CPU
		{3492E98C-2A08-46B6-8481-6D452EAD484A}.Release|ARM.Build.0 = Release|Any CPU
		{3492E98C-2A08-46B6-8481-6D452EAD484A}.Release|iPhone.ActiveCfg = Release|Any CPU
		{3492E98C-2A08-46B6-8481-6D452EAD484A}.Release|iPhone.Build.0 = Release|Any CPU
		{3492E98C-2A08-46B6-8481-6D452EAD484A}.Release|iPhoneSimulator.ActiveCfg = Release|Any CPU
		{3492E98C-2A08-46B6-8481-6D452EAD484A}.Release|iPhoneSimulator.Build.0 = Release|Any CPU
		{3492E98C-2A08-46B6-8481-6D452EAD484A}.Release|x64.ActiveCfg = Release|Any CPU
		{3492E98C-2A08-46B6-8481-6D452EAD484A}.Release|x64.Build.0 = Release|Any CPU
		{3492E98C-2A08-46B6-8481-6D452EAD484A}.Release|x86.ActiveCfg = Release|Any CPU
		{3492E98C-2A08-46B6-8481-6D452EAD484A}.Release|x86.Build.0 = Release|Any CPU
		{1963DC9A-553A-4A7A-ADDD-B2F9F0498234}.Ad-Hoc|Any CPU.ActiveCfg = Debug|Any CPU
		{1963DC9A-553A-4A7A-ADDD-B2F9F0498234}.Ad-Hoc|Any CPU.Build.0 = Debug|Any CPU
		{1963DC9A-553A-4A7A-ADDD-B2F9F0498234}.Ad-Hoc|ARM.ActiveCfg = Debug|Any CPU
		{1963DC9A-553A-4A7A-ADDD-B2F9F0498234}.Ad-Hoc|ARM.Build.0 = Debug|Any CPU
		{1963DC9A-553A-4A7A-ADDD-B2F9F0498234}.Ad-Hoc|iPhone.ActiveCfg = Debug|Any CPU
		{1963DC9A-553A-4A7A-ADDD-B2F9F0498234}.Ad-Hoc|iPhone.Build.0 = Debug|Any CPU
		{1963DC9A-553A-4A7A-ADDD-B2F9F0498234}.Ad-Hoc|iPhoneSimulator.ActiveCfg = Debug|Any CPU
		{1963DC9A-553A-4A7A-ADDD-B2F9F0498234}.Ad-Hoc|iPhoneSimulator.Build.0 = Debug|Any CPU
		{1963DC9A-553A-4A7A-ADDD-B2F9F0498234}.Ad-Hoc|x64.ActiveCfg = Debug|Any CPU
		{1963DC9A-553A-4A7A-ADDD-B2F9F0498234}.Ad-Hoc|x64.Build.0 = Debug|Any CPU
		{1963DC9A-553A-4A7A-ADDD-B2F9F0498234}.Ad-Hoc|x86.ActiveCfg = Debug|Any CPU
		{1963DC9A-553A-4A7A-ADDD-B2F9F0498234}.Ad-Hoc|x86.Build.0 = Debug|Any CPU
		{1963DC9A-553A-4A7A-ADDD-B2F9F0498234}.AppStore|Any CPU.ActiveCfg = Debug|Any CPU
		{1963DC9A-553A-4A7A-ADDD-B2F9F0498234}.AppStore|Any CPU.Build.0 = Debug|Any CPU
		{1963DC9A-553A-4A7A-ADDD-B2F9F0498234}.AppStore|ARM.ActiveCfg = Debug|Any CPU
		{1963DC9A-553A-4A7A-ADDD-B2F9F0498234}.AppStore|ARM.Build.0 = Debug|Any CPU
		{1963DC9A-553A-4A7A-ADDD-B2F9F0498234}.AppStore|iPhone.ActiveCfg = Debug|Any CPU
		{1963DC9A-553A-4A7A-ADDD-B2F9F0498234}.AppStore|iPhone.Build.0 = Debug|Any CPU
		{1963DC9A-553A-4A7A-ADDD-B2F9F0498234}.AppStore|iPhoneSimulator.ActiveCfg = Debug|Any CPU
		{1963DC9A-553A-4A7A-ADDD-B2F9F0498234}.AppStore|iPhoneSimulator.Build.0 = Debug|Any CPU
		{1963DC9A-553A-4A7A-ADDD-B2F9F0498234}.AppStore|x64.ActiveCfg = Debug|Any CPU
		{1963DC9A-553A-4A7A-ADDD-B2F9F0498234}.AppStore|x64.Build.0 = Debug|Any CPU
		{1963DC9A-553A-4A7A-ADDD-B2F9F0498234}.AppStore|x86.ActiveCfg = Debug|Any CPU
		{1963DC9A-553A-4A7A-ADDD-B2F9F0498234}.AppStore|x86.Build.0 = Debug|Any CPU
		{1963DC9A-553A-4A7A-ADDD-B2F9F0498234}.Debug|Any CPU.ActiveCfg = Debug|Any CPU
		{1963DC9A-553A-4A7A-ADDD-B2F9F0498234}.Debug|Any CPU.Build.0 = Debug|Any CPU
		{1963DC9A-553A-4A7A-ADDD-B2F9F0498234}.Debug|ARM.ActiveCfg = Debug|Any CPU
		{1963DC9A-553A-4A7A-ADDD-B2F9F0498234}.Debug|ARM.Build.0 = Debug|Any CPU
		{1963DC9A-553A-4A7A-ADDD-B2F9F0498234}.Debug|iPhone.ActiveCfg = Debug|Any CPU
		{1963DC9A-553A-4A7A-ADDD-B2F9F0498234}.Debug|iPhone.Build.0 = Debug|Any CPU
		{1963DC9A-553A-4A7A-ADDD-B2F9F0498234}.Debug|iPhoneSimulator.ActiveCfg = Debug|Any CPU
		{1963DC9A-553A-4A7A-ADDD-B2F9F0498234}.Debug|iPhoneSimulator.Build.0 = Debug|Any CPU
		{1963DC9A-553A-4A7A-ADDD-B2F9F0498234}.Debug|x64.ActiveCfg = Debug|Any CPU
		{1963DC9A-553A-4A7A-ADDD-B2F9F0498234}.Debug|x64.Build.0 = Debug|Any CPU
		{1963DC9A-553A-4A7A-ADDD-B2F9F0498234}.Debug|x86.ActiveCfg = Debug|Any CPU
		{1963DC9A-553A-4A7A-ADDD-B2F9F0498234}.Debug|x86.Build.0 = Debug|Any CPU
		{1963DC9A-553A-4A7A-ADDD-B2F9F0498234}.Release|Any CPU.ActiveCfg = Release|Any CPU
		{1963DC9A-553A-4A7A-ADDD-B2F9F0498234}.Release|Any CPU.Build.0 = Release|Any CPU
		{1963DC9A-553A-4A7A-ADDD-B2F9F0498234}.Release|ARM.ActiveCfg = Release|Any CPU
		{1963DC9A-553A-4A7A-ADDD-B2F9F0498234}.Release|ARM.Build.0 = Release|Any CPU
		{1963DC9A-553A-4A7A-ADDD-B2F9F0498234}.Release|iPhone.ActiveCfg = Release|Any CPU
		{1963DC9A-553A-4A7A-ADDD-B2F9F0498234}.Release|iPhone.Build.0 = Release|Any CPU
		{1963DC9A-553A-4A7A-ADDD-B2F9F0498234}.Release|iPhoneSimulator.ActiveCfg = Release|Any CPU
		{1963DC9A-553A-4A7A-ADDD-B2F9F0498234}.Release|iPhoneSimulator.Build.0 = Release|Any CPU
		{1963DC9A-553A-4A7A-ADDD-B2F9F0498234}.Release|x64.ActiveCfg = Release|Any CPU
		{1963DC9A-553A-4A7A-ADDD-B2F9F0498234}.Release|x64.Build.0 = Release|Any CPU
		{1963DC9A-553A-4A7A-ADDD-B2F9F0498234}.Release|x86.ActiveCfg = Release|Any CPU
		{1963DC9A-553A-4A7A-ADDD-B2F9F0498234}.Release|x86.Build.0 = Release|Any CPU
		{BB5B3791-DDC0-4A9F-9A66-6F0F3B02AADD}.Ad-Hoc|Any CPU.ActiveCfg = Release|Any CPU
		{BB5B3791-DDC0-4A9F-9A66-6F0F3B02AADD}.Ad-Hoc|Any CPU.Build.0 = Release|Any CPU
		{BB5B3791-DDC0-4A9F-9A66-6F0F3B02AADD}.Ad-Hoc|Any CPU.Deploy.0 = Release|Any CPU
		{BB5B3791-DDC0-4A9F-9A66-6F0F3B02AADD}.Ad-Hoc|ARM.ActiveCfg = Release|Any CPU
		{BB5B3791-DDC0-4A9F-9A66-6F0F3B02AADD}.Ad-Hoc|ARM.Build.0 = Release|Any CPU
		{BB5B3791-DDC0-4A9F-9A66-6F0F3B02AADD}.Ad-Hoc|ARM.Deploy.0 = Release|Any CPU
		{BB5B3791-DDC0-4A9F-9A66-6F0F3B02AADD}.Ad-Hoc|iPhone.ActiveCfg = Release|Any CPU
		{BB5B3791-DDC0-4A9F-9A66-6F0F3B02AADD}.Ad-Hoc|iPhone.Build.0 = Release|Any CPU
		{BB5B3791-DDC0-4A9F-9A66-6F0F3B02AADD}.Ad-Hoc|iPhone.Deploy.0 = Release|Any CPU
		{BB5B3791-DDC0-4A9F-9A66-6F0F3B02AADD}.Ad-Hoc|iPhoneSimulator.ActiveCfg = Release|Any CPU
		{BB5B3791-DDC0-4A9F-9A66-6F0F3B02AADD}.Ad-Hoc|iPhoneSimulator.Build.0 = Release|Any CPU
		{BB5B3791-DDC0-4A9F-9A66-6F0F3B02AADD}.Ad-Hoc|iPhoneSimulator.Deploy.0 = Release|Any CPU
		{BB5B3791-DDC0-4A9F-9A66-6F0F3B02AADD}.Ad-Hoc|x64.ActiveCfg = Release|Any CPU
		{BB5B3791-DDC0-4A9F-9A66-6F0F3B02AADD}.Ad-Hoc|x64.Build.0 = Release|Any CPU
		{BB5B3791-DDC0-4A9F-9A66-6F0F3B02AADD}.Ad-Hoc|x64.Deploy.0 = Release|Any CPU
		{BB5B3791-DDC0-4A9F-9A66-6F0F3B02AADD}.Ad-Hoc|x86.ActiveCfg = Release|Any CPU
		{BB5B3791-DDC0-4A9F-9A66-6F0F3B02AADD}.Ad-Hoc|x86.Build.0 = Release|Any CPU
		{BB5B3791-DDC0-4A9F-9A66-6F0F3B02AADD}.Ad-Hoc|x86.Deploy.0 = Release|Any CPU
		{BB5B3791-DDC0-4A9F-9A66-6F0F3B02AADD}.AppStore|Any CPU.ActiveCfg = Release|Any CPU
		{BB5B3791-DDC0-4A9F-9A66-6F0F3B02AADD}.AppStore|Any CPU.Build.0 = Release|Any CPU
		{BB5B3791-DDC0-4A9F-9A66-6F0F3B02AADD}.AppStore|Any CPU.Deploy.0 = Release|Any CPU
		{BB5B3791-DDC0-4A9F-9A66-6F0F3B02AADD}.AppStore|ARM.ActiveCfg = Release|Any CPU
		{BB5B3791-DDC0-4A9F-9A66-6F0F3B02AADD}.AppStore|ARM.Build.0 = Release|Any CPU
		{BB5B3791-DDC0-4A9F-9A66-6F0F3B02AADD}.AppStore|ARM.Deploy.0 = Release|Any CPU
		{BB5B3791-DDC0-4A9F-9A66-6F0F3B02AADD}.AppStore|iPhone.ActiveCfg = Release|Any CPU
		{BB5B3791-DDC0-4A9F-9A66-6F0F3B02AADD}.AppStore|iPhone.Build.0 = Release|Any CPU
		{BB5B3791-DDC0-4A9F-9A66-6F0F3B02AADD}.AppStore|iPhone.Deploy.0 = Release|Any CPU
		{BB5B3791-DDC0-4A9F-9A66-6F0F3B02AADD}.AppStore|iPhoneSimulator.ActiveCfg = Release|Any CPU
		{BB5B3791-DDC0-4A9F-9A66-6F0F3B02AADD}.AppStore|iPhoneSimulator.Build.0 = Release|Any CPU
		{BB5B3791-DDC0-4A9F-9A66-6F0F3B02AADD}.AppStore|iPhoneSimulator.Deploy.0 = Release|Any CPU
		{BB5B3791-DDC0-4A9F-9A66-6F0F3B02AADD}.AppStore|x64.ActiveCfg = Release|Any CPU
		{BB5B3791-DDC0-4A9F-9A66-6F0F3B02AADD}.AppStore|x64.Build.0 = Release|Any CPU
		{BB5B3791-DDC0-4A9F-9A66-6F0F3B02AADD}.AppStore|x64.Deploy.0 = Release|Any CPU
		{BB5B3791-DDC0-4A9F-9A66-6F0F3B02AADD}.AppStore|x86.ActiveCfg = Release|Any CPU
		{BB5B3791-DDC0-4A9F-9A66-6F0F3B02AADD}.AppStore|x86.Build.0 = Release|Any CPU
		{BB5B3791-DDC0-4A9F-9A66-6F0F3B02AADD}.AppStore|x86.Deploy.0 = Release|Any CPU
		{BB5B3791-DDC0-4A9F-9A66-6F0F3B02AADD}.Debug|Any CPU.ActiveCfg = Debug|Any CPU
		{BB5B3791-DDC0-4A9F-9A66-6F0F3B02AADD}.Debug|Any CPU.Build.0 = Debug|Any CPU
		{BB5B3791-DDC0-4A9F-9A66-6F0F3B02AADD}.Debug|Any CPU.Deploy.0 = Debug|Any CPU
		{BB5B3791-DDC0-4A9F-9A66-6F0F3B02AADD}.Debug|ARM.ActiveCfg = Debug|Any CPU
		{BB5B3791-DDC0-4A9F-9A66-6F0F3B02AADD}.Debug|ARM.Build.0 = Debug|Any CPU
		{BB5B3791-DDC0-4A9F-9A66-6F0F3B02AADD}.Debug|ARM.Deploy.0 = Debug|Any CPU
		{BB5B3791-DDC0-4A9F-9A66-6F0F3B02AADD}.Debug|iPhone.ActiveCfg = Debug|Any CPU
		{BB5B3791-DDC0-4A9F-9A66-6F0F3B02AADD}.Debug|iPhone.Build.0 = Debug|Any CPU
		{BB5B3791-DDC0-4A9F-9A66-6F0F3B02AADD}.Debug|iPhone.Deploy.0 = Debug|Any CPU
		{BB5B3791-DDC0-4A9F-9A66-6F0F3B02AADD}.Debug|iPhoneSimulator.ActiveCfg = Debug|Any CPU
		{BB5B3791-DDC0-4A9F-9A66-6F0F3B02AADD}.Debug|iPhoneSimulator.Build.0 = Debug|Any CPU
		{BB5B3791-DDC0-4A9F-9A66-6F0F3B02AADD}.Debug|iPhoneSimulator.Deploy.0 = Debug|Any CPU
		{BB5B3791-DDC0-4A9F-9A66-6F0F3B02AADD}.Debug|x64.ActiveCfg = Debug|Any CPU
		{BB5B3791-DDC0-4A9F-9A66-6F0F3B02AADD}.Debug|x64.Build.0 = Debug|Any CPU
		{BB5B3791-DDC0-4A9F-9A66-6F0F3B02AADD}.Debug|x64.Deploy.0 = Debug|Any CPU
		{BB5B3791-DDC0-4A9F-9A66-6F0F3B02AADD}.Debug|x86.ActiveCfg = Debug|Any CPU
		{BB5B3791-DDC0-4A9F-9A66-6F0F3B02AADD}.Debug|x86.Build.0 = Debug|Any CPU
		{BB5B3791-DDC0-4A9F-9A66-6F0F3B02AADD}.Debug|x86.Deploy.0 = Debug|Any CPU
		{BB5B3791-DDC0-4A9F-9A66-6F0F3B02AADD}.Release|Any CPU.ActiveCfg = Release|Any CPU
		{BB5B3791-DDC0-4A9F-9A66-6F0F3B02AADD}.Release|Any CPU.Build.0 = Release|Any CPU
		{BB5B3791-DDC0-4A9F-9A66-6F0F3B02AADD}.Release|Any CPU.Deploy.0 = Release|Any CPU
		{BB5B3791-DDC0-4A9F-9A66-6F0F3B02AADD}.Release|ARM.ActiveCfg = Release|Any CPU
		{BB5B3791-DDC0-4A9F-9A66-6F0F3B02AADD}.Release|ARM.Build.0 = Release|Any CPU
		{BB5B3791-DDC0-4A9F-9A66-6F0F3B02AADD}.Release|ARM.Deploy.0 = Release|Any CPU
		{BB5B3791-DDC0-4A9F-9A66-6F0F3B02AADD}.Release|iPhone.ActiveCfg = Release|Any CPU
		{BB5B3791-DDC0-4A9F-9A66-6F0F3B02AADD}.Release|iPhone.Build.0 = Release|Any CPU
		{BB5B3791-DDC0-4A9F-9A66-6F0F3B02AADD}.Release|iPhone.Deploy.0 = Release|Any CPU
		{BB5B3791-DDC0-4A9F-9A66-6F0F3B02AADD}.Release|iPhoneSimulator.ActiveCfg = Release|Any CPU
		{BB5B3791-DDC0-4A9F-9A66-6F0F3B02AADD}.Release|iPhoneSimulator.Build.0 = Release|Any CPU
		{BB5B3791-DDC0-4A9F-9A66-6F0F3B02AADD}.Release|iPhoneSimulator.Deploy.0 = Release|Any CPU
		{BB5B3791-DDC0-4A9F-9A66-6F0F3B02AADD}.Release|x64.ActiveCfg = Release|Any CPU
		{BB5B3791-DDC0-4A9F-9A66-6F0F3B02AADD}.Release|x64.Build.0 = Release|Any CPU
		{BB5B3791-DDC0-4A9F-9A66-6F0F3B02AADD}.Release|x64.Deploy.0 = Release|Any CPU
		{BB5B3791-DDC0-4A9F-9A66-6F0F3B02AADD}.Release|x86.ActiveCfg = Release|Any CPU
		{BB5B3791-DDC0-4A9F-9A66-6F0F3B02AADD}.Release|x86.Build.0 = Release|Any CPU
		{BB5B3791-DDC0-4A9F-9A66-6F0F3B02AADD}.Release|x86.Deploy.0 = Release|Any CPU
		{73525553-BFB3-47D2-B2D3-7E590393ECE2}.Ad-Hoc|Any CPU.ActiveCfg = Ad-Hoc|iPhone
		{73525553-BFB3-47D2-B2D3-7E590393ECE2}.Ad-Hoc|ARM.ActiveCfg = Ad-Hoc|iPhone
		{73525553-BFB3-47D2-B2D3-7E590393ECE2}.Ad-Hoc|iPhone.ActiveCfg = Ad-Hoc|iPhone
		{73525553-BFB3-47D2-B2D3-7E590393ECE2}.Ad-Hoc|iPhone.Build.0 = Ad-Hoc|iPhone
		{73525553-BFB3-47D2-B2D3-7E590393ECE2}.Ad-Hoc|iPhoneSimulator.ActiveCfg = Ad-Hoc|iPhoneSimulator
		{73525553-BFB3-47D2-B2D3-7E590393ECE2}.Ad-Hoc|iPhoneSimulator.Build.0 = Ad-Hoc|iPhoneSimulator
		{73525553-BFB3-47D2-B2D3-7E590393ECE2}.Ad-Hoc|x64.ActiveCfg = Ad-Hoc|iPhone
		{73525553-BFB3-47D2-B2D3-7E590393ECE2}.Ad-Hoc|x86.ActiveCfg = Ad-Hoc|iPhone
		{73525553-BFB3-47D2-B2D3-7E590393ECE2}.AppStore|Any CPU.ActiveCfg = AppStore|iPhone
		{73525553-BFB3-47D2-B2D3-7E590393ECE2}.AppStore|ARM.ActiveCfg = AppStore|iPhone
		{73525553-BFB3-47D2-B2D3-7E590393ECE2}.AppStore|iPhone.ActiveCfg = AppStore|iPhone
		{73525553-BFB3-47D2-B2D3-7E590393ECE2}.AppStore|iPhone.Build.0 = AppStore|iPhone
		{73525553-BFB3-47D2-B2D3-7E590393ECE2}.AppStore|iPhoneSimulator.ActiveCfg = AppStore|iPhoneSimulator
		{73525553-BFB3-47D2-B2D3-7E590393ECE2}.AppStore|iPhoneSimulator.Build.0 = AppStore|iPhoneSimulator
		{73525553-BFB3-47D2-B2D3-7E590393ECE2}.AppStore|x64.ActiveCfg = AppStore|iPhone
		{73525553-BFB3-47D2-B2D3-7E590393ECE2}.AppStore|x86.ActiveCfg = AppStore|iPhone
		{73525553-BFB3-47D2-B2D3-7E590393ECE2}.Debug|Any CPU.ActiveCfg = Debug|iPhone
		{73525553-BFB3-47D2-B2D3-7E590393ECE2}.Debug|ARM.ActiveCfg = Debug|iPhone
		{73525553-BFB3-47D2-B2D3-7E590393ECE2}.Debug|iPhone.ActiveCfg = Debug|iPhone
		{73525553-BFB3-47D2-B2D3-7E590393ECE2}.Debug|iPhone.Build.0 = Debug|iPhone
		{73525553-BFB3-47D2-B2D3-7E590393ECE2}.Debug|iPhoneSimulator.ActiveCfg = Debug|iPhoneSimulator
		{73525553-BFB3-47D2-B2D3-7E590393ECE2}.Debug|iPhoneSimulator.Build.0 = Debug|iPhoneSimulator
		{73525553-BFB3-47D2-B2D3-7E590393ECE2}.Debug|x64.ActiveCfg = Debug|iPhone
		{73525553-BFB3-47D2-B2D3-7E590393ECE2}.Debug|x86.ActiveCfg = Debug|iPhone
		{73525553-BFB3-47D2-B2D3-7E590393ECE2}.Release|Any CPU.ActiveCfg = Release|iPhone
		{73525553-BFB3-47D2-B2D3-7E590393ECE2}.Release|ARM.ActiveCfg = Release|iPhone
		{73525553-BFB3-47D2-B2D3-7E590393ECE2}.Release|iPhone.ActiveCfg = Release|iPhone
		{73525553-BFB3-47D2-B2D3-7E590393ECE2}.Release|iPhone.Build.0 = Release|iPhone
		{73525553-BFB3-47D2-B2D3-7E590393ECE2}.Release|iPhoneSimulator.ActiveCfg = Release|iPhoneSimulator
		{73525553-BFB3-47D2-B2D3-7E590393ECE2}.Release|iPhoneSimulator.Build.0 = Release|iPhoneSimulator
		{73525553-BFB3-47D2-B2D3-7E590393ECE2}.Release|x64.ActiveCfg = Release|iPhone
		{73525553-BFB3-47D2-B2D3-7E590393ECE2}.Release|x86.ActiveCfg = Release|iPhone
		{F8FBDD57-272B-45C6-A500-782721B7135E}.Ad-Hoc|Any CPU.ActiveCfg = Release|x86
		{F8FBDD57-272B-45C6-A500-782721B7135E}.Ad-Hoc|Any CPU.Build.0 = Release|x86
		{F8FBDD57-272B-45C6-A500-782721B7135E}.Ad-Hoc|Any CPU.Deploy.0 = Release|x86
		{F8FBDD57-272B-45C6-A500-782721B7135E}.Ad-Hoc|ARM.ActiveCfg = Release|ARM
		{F8FBDD57-272B-45C6-A500-782721B7135E}.Ad-Hoc|ARM.Build.0 = Release|ARM
		{F8FBDD57-272B-45C6-A500-782721B7135E}.Ad-Hoc|ARM.Deploy.0 = Release|ARM
		{F8FBDD57-272B-45C6-A500-782721B7135E}.Ad-Hoc|iPhone.ActiveCfg = Release|x86
		{F8FBDD57-272B-45C6-A500-782721B7135E}.Ad-Hoc|iPhone.Build.0 = Release|x86
		{F8FBDD57-272B-45C6-A500-782721B7135E}.Ad-Hoc|iPhone.Deploy.0 = Release|x86
		{F8FBDD57-272B-45C6-A500-782721B7135E}.Ad-Hoc|iPhoneSimulator.ActiveCfg = Release|x86
		{F8FBDD57-272B-45C6-A500-782721B7135E}.Ad-Hoc|iPhoneSimulator.Build.0 = Release|x86
		{F8FBDD57-272B-45C6-A500-782721B7135E}.Ad-Hoc|iPhoneSimulator.Deploy.0 = Release|x86
		{F8FBDD57-272B-45C6-A500-782721B7135E}.Ad-Hoc|x64.ActiveCfg = Release|x64
		{F8FBDD57-272B-45C6-A500-782721B7135E}.Ad-Hoc|x64.Build.0 = Release|x64
		{F8FBDD57-272B-45C6-A500-782721B7135E}.Ad-Hoc|x64.Deploy.0 = Release|x64
		{F8FBDD57-272B-45C6-A500-782721B7135E}.Ad-Hoc|x86.ActiveCfg = Release|x86
		{F8FBDD57-272B-45C6-A500-782721B7135E}.Ad-Hoc|x86.Build.0 = Release|x86
		{F8FBDD57-272B-45C6-A500-782721B7135E}.Ad-Hoc|x86.Deploy.0 = Release|x86
		{F8FBDD57-272B-45C6-A500-782721B7135E}.AppStore|Any CPU.ActiveCfg = Release|x86
		{F8FBDD57-272B-45C6-A500-782721B7135E}.AppStore|Any CPU.Build.0 = Release|x86
		{F8FBDD57-272B-45C6-A500-782721B7135E}.AppStore|Any CPU.Deploy.0 = Release|x86
		{F8FBDD57-272B-45C6-A500-782721B7135E}.AppStore|ARM.ActiveCfg = Release|ARM
		{F8FBDD57-272B-45C6-A500-782721B7135E}.AppStore|ARM.Build.0 = Release|ARM
		{F8FBDD57-272B-45C6-A500-782721B7135E}.AppStore|ARM.Deploy.0 = Release|ARM
		{F8FBDD57-272B-45C6-A500-782721B7135E}.AppStore|iPhone.ActiveCfg = Release|x86
		{F8FBDD57-272B-45C6-A500-782721B7135E}.AppStore|iPhone.Build.0 = Release|x86
		{F8FBDD57-272B-45C6-A500-782721B7135E}.AppStore|iPhone.Deploy.0 = Release|x86
		{F8FBDD57-272B-45C6-A500-782721B7135E}.AppStore|iPhoneSimulator.ActiveCfg = Release|x86
		{F8FBDD57-272B-45C6-A500-782721B7135E}.AppStore|iPhoneSimulator.Build.0 = Release|x86
		{F8FBDD57-272B-45C6-A500-782721B7135E}.AppStore|iPhoneSimulator.Deploy.0 = Release|x86
		{F8FBDD57-272B-45C6-A500-782721B7135E}.AppStore|x64.ActiveCfg = Release|x64
		{F8FBDD57-272B-45C6-A500-782721B7135E}.AppStore|x64.Build.0 = Release|x64
		{F8FBDD57-272B-45C6-A500-782721B7135E}.AppStore|x64.Deploy.0 = Release|x64
		{F8FBDD57-272B-45C6-A500-782721B7135E}.AppStore|x86.ActiveCfg = Release|x86
		{F8FBDD57-272B-45C6-A500-782721B7135E}.AppStore|x86.Build.0 = Release|x86
		{F8FBDD57-272B-45C6-A500-782721B7135E}.AppStore|x86.Deploy.0 = Release|x86
		{F8FBDD57-272B-45C6-A500-782721B7135E}.Debug|Any CPU.ActiveCfg = Debug|x86
		{F8FBDD57-272B-45C6-A500-782721B7135E}.Debug|ARM.ActiveCfg = Debug|ARM
		{F8FBDD57-272B-45C6-A500-782721B7135E}.Debug|ARM.Build.0 = Debug|ARM
		{F8FBDD57-272B-45C6-A500-782721B7135E}.Debug|ARM.Deploy.0 = Debug|ARM
		{F8FBDD57-272B-45C6-A500-782721B7135E}.Debug|iPhone.ActiveCfg = Debug|x86
		{F8FBDD57-272B-45C6-A500-782721B7135E}.Debug|iPhoneSimulator.ActiveCfg = Debug|x86
		{F8FBDD57-272B-45C6-A500-782721B7135E}.Debug|x64.ActiveCfg = Debug|x64
		{F8FBDD57-272B-45C6-A500-782721B7135E}.Debug|x64.Build.0 = Debug|x64
		{F8FBDD57-272B-45C6-A500-782721B7135E}.Debug|x64.Deploy.0 = Debug|x64
		{F8FBDD57-272B-45C6-A500-782721B7135E}.Debug|x86.ActiveCfg = Debug|x86
		{F8FBDD57-272B-45C6-A500-782721B7135E}.Debug|x86.Build.0 = Debug|x86
		{F8FBDD57-272B-45C6-A500-782721B7135E}.Debug|x86.Deploy.0 = Debug|x86
		{F8FBDD57-272B-45C6-A500-782721B7135E}.Release|Any CPU.ActiveCfg = Release|x86
		{F8FBDD57-272B-45C6-A500-782721B7135E}.Release|ARM.ActiveCfg = Release|ARM
		{F8FBDD57-272B-45C6-A500-782721B7135E}.Release|ARM.Build.0 = Release|ARM
		{F8FBDD57-272B-45C6-A500-782721B7135E}.Release|ARM.Deploy.0 = Release|ARM
		{F8FBDD57-272B-45C6-A500-782721B7135E}.Release|iPhone.ActiveCfg = Release|x86
		{F8FBDD57-272B-45C6-A500-782721B7135E}.Release|iPhoneSimulator.ActiveCfg = Release|x86
		{F8FBDD57-272B-45C6-A500-782721B7135E}.Release|x64.ActiveCfg = Release|x64
		{F8FBDD57-272B-45C6-A500-782721B7135E}.Release|x64.Build.0 = Release|x64
		{F8FBDD57-272B-45C6-A500-782721B7135E}.Release|x64.Deploy.0 = Release|x64
		{F8FBDD57-272B-45C6-A500-782721B7135E}.Release|x86.ActiveCfg = Release|x86
		{F8FBDD57-272B-45C6-A500-782721B7135E}.Release|x86.Build.0 = Release|x86
		{F8FBDD57-272B-45C6-A500-782721B7135E}.Release|x86.Deploy.0 = Release|x86
	EndGlobalSection
	GlobalSection(SolutionProperties) = preSolution
		HideSolutionNode = FALSE
	EndGlobalSection
	GlobalSection(ExtensibilityGlobals) = postSolution
		SolutionGuid = {A3F4146A-0CC9-41E0-B942-6EBE206CE88C}
	EndGlobalSection
EndGlobal
